
Microsoft Visual Studio Solution File, Format Version 12.00
Project("{FAE04EC0-301F-11D3-BF4B-00C04F79EFBC}") = "StructuredLoggingPOC", "StructuredLoggingPOC\StructuredLoggingPOC.csproj", "{44301D9B-C65C-4DE1-B2A5-B2B7C0D62FFF}"
EndProject
Global
	GlobalSection(SolutionConfigurationPlatforms) = preSolution
		Debug|Any CPU = Debug|Any CPU
		Release|Any CPU = Release|Any CPU
	EndGlobalSection
	GlobalSection(ProjectConfigurationPlatforms) = postSolution
		{44301D9B-C65C-4DE1-B2A5-B2B7C0D62FFF}.Debug|Any CPU.ActiveCfg = Debug|Any CPU
		{44301D9B-C65C-4DE1-B2A5-B2B7C0D62FFF}.Debug|Any CPU.Build.0 = Debug|Any CPU
		{44301D9B-C65C-4DE1-B2A5-B2B7C0D62FFF}.Release|Any CPU.ActiveCfg = Release|Any CPU
		{44301D9B-C65C-4DE1-B2A5-B2B7C0D62FFF}.Release|Any CPU.Build.0 = Release|Any CPU
	EndGlobalSection
EndGlobal
